
Microsoft Visual Studio Solution File, Format Version 12.00
Project("{FAE04EC0-301F-11D3-BF4B-00C04F79EFBC}") = "ConsoleApp_Parallelism and Multithreading", "ConsoleApp_Parallelism and Multithreading\ConsoleApp_Parallelism and Multithreading.csproj", "{B2C2342A-65CE-493A-877E-6E5500803F0A}"
EndProject
Global
	GlobalSection(SolutionConfigurationPlatforms) = preSolution
		Debug|Any CPU = Debug|Any CPU
		Release|Any CPU = Release|Any CPU
	EndGlobalSection
	GlobalSection(ProjectConfigurationPlatforms) = postSolution
		{B2C2342A-65CE-493A-877E-6E5500803F0A}.Debug|Any CPU.ActiveCfg = Debug|Any CPU
		{B2C2342A-65CE-493A-877E-6E5500803F0A}.Debug|Any CPU.Build.0 = Debug|Any CPU
		{B2C2342A-65CE-493A-877E-6E5500803F0A}.Release|Any CPU.ActiveCfg = Release|Any CPU
		{B2C2342A-65CE-493A-877E-6E5500803F0A}.Release|Any CPU.Build.0 = Release|Any CPU
	EndGlobalSection
EndGlobal
