
Microsoft Visual Studio Solution File, Format Version 12.00
Project("{FAE04EC0-301F-11D3-BF4B-00C04F79EFBC}") = "ConsoleApp_Events", "ConsoleApp_Events\ConsoleApp_Events.csproj", "{BEB0FA16-F99F-47A1-8440-6E8A9C36C70B}"
EndProject
Global
	GlobalSection(SolutionConfigurationPlatforms) = preSolution
		Debug|Any CPU = Debug|Any CPU
		Release|Any CPU = Release|Any CPU
	EndGlobalSection
	GlobalSection(ProjectConfigurationPlatforms) = postSolution
		{BEB0FA16-F99F-47A1-8440-6E8A9C36C70B}.Debug|Any CPU.ActiveCfg = Debug|Any CPU
		{BEB0FA16-F99F-47A1-8440-6E8A9C36C70B}.Debug|Any CPU.Build.0 = Debug|Any CPU
		{BEB0FA16-F99F-47A1-8440-6E8A9C36C70B}.Release|Any CPU.ActiveCfg = Release|Any CPU
		{BEB0FA16-F99F-47A1-8440-6E8A9C36C70B}.Release|Any CPU.Build.0 = Release|Any CPU
	EndGlobalSection
EndGlobal
